
Microsoft Visual Studio Solution File, Format Version 12.00
# Visual Studio Version 17
VisualStudioVersion = 17.1.32328.378
MinimumVisualStudioVersion = 10.0.40219.1
Project("{9A19103F-16F7-4668-BE54-9A1E7A4F7556}") = "PhotographyApi", "PhotographyApi\PhotographyApi.csproj", "{49CE4004-C064-4BF4-B860-67CB7359AF21}"
EndProject
Project("{2150E333-8FDC-42A3-9474-1A3956D46DE8}") = "1.Data", "1.Data", "{A6E80D86-3A65-4664-B8E2-975D6C8221C2}"
EndProject
Project("{2150E333-8FDC-42A3-9474-1A3956D46DE8}") = "2.Business", "2.Business", "{526DE7E8-C6B1-47CB-A2E7-F6BD5F740B9A}"
EndProject
Project("{2150E333-8FDC-42A3-9474-1A3956D46DE8}") = "3.Implementation", "3.Implementation", "{B4B10C93-DAD6-45B3-BC77-E9F990DB9F0F}"
EndProject
Project("{2150E333-8FDC-42A3-9474-1A3956D46DE8}") = "4.Common", "4.Common", "{49E72E46-33B4-4FFC-9B48-C18F056A721F}"
EndProject
Project("{2150E333-8FDC-42A3-9474-1A3956D46DE8}") = "5.Tests", "5.Tests", "{24DD8723-14A2-4010-AA9A-3E20F597D30B}"
EndProject
Project("{9A19103F-16F7-4668-BE54-9A1E7A4F7556}") = "Data.Repository", "Data.Repository\Data.Repository.csproj", "{ADC904F9-FFAE-4B8C-BFA4-C8B6EC77ABB7}"
EndProject
Project("{9A19103F-16F7-4668-BE54-9A1E7A4F7556}") = "Business.Entities", "Business.Entities\Business.Entities.csproj", "{8D7BA0B2-44C0-4D07-92A8-BCE728DF4ED8}"
EndProject
Project("{9A19103F-16F7-4668-BE54-9A1E7A4F7556}") = "Business.Components", "Business.Components\Business.Components.csproj", "{414F0FD4-6E09-4FE8-809A-33D8CAF6F562}"
EndProject
Project("{9A19103F-16F7-4668-BE54-9A1E7A4F7556}") = "Business.Interfaces", "Business.Interfaces\Business.Interfaces.csproj", "{DF56D9ED-68EA-42C2-B7E9-8CCF138EB0E9}"
EndProject
Project("{9A19103F-16F7-4668-BE54-9A1E7A4F7556}") = "Infrastructure.Ioc", "Architecture\Infrastructure.Ioc.csproj", "{CCD25925-7CF4-49DC-ABE1-A6830D1B2BC4}"
EndProject
Project("{9A19103F-16F7-4668-BE54-9A1E7A4F7556}") = "Common.Common", "Common.Common\Common.Common.csproj", "{5032170D-7645-4BA1-AE02-43FC8C78A632}"
EndProject
Project("{9A19103F-16F7-4668-BE54-9A1E7A4F7556}") = "Business.Components.Test", "Business.Components.Test\Business.Components.Test.csproj", "{C8D718BB-B1F3-4331-9F2C-52801003FF6D}"
EndProject
Project("{9A19103F-16F7-4668-BE54-9A1E7A4F7556}") = "Test.Helpers", "Test.Helpers\Test.Helpers.csproj", "{33F040A3-A22C-425B-8DE4-272E5775D12D}"
EndProject
Project("{9A19103F-16F7-4668-BE54-9A1E7A4F7556}") = "Functional.Test", "Functional.Test\Functional.Test.csproj", "{979E3915-97E5-4A6B-B660-3A650B9C1AEE}"
EndProject
Project("{FAE04EC0-301F-11D3-BF4B-00C04F79EFBC}") = "Data.Interfaces", "Data.Interfaces\Data.Interfaces.csproj", "{2EFEA8FA-DAA7-48FA-93C5-79F72BC3CD36}"
EndProject
Global
	GlobalSection(SolutionConfigurationPlatforms) = preSolution
		Debug|Any CPU = Debug|Any CPU
		Release|Any CPU = Release|Any CPU
	EndGlobalSection
	GlobalSection(ProjectConfigurationPlatforms) = postSolution
		{49CE4004-C064-4BF4-B860-67CB7359AF21}.Debug|Any CPU.ActiveCfg = Debug|Any CPU
		{49CE4004-C064-4BF4-B860-67CB7359AF21}.Debug|Any CPU.Build.0 = Debug|Any CPU
		{49CE4004-C064-4BF4-B860-67CB7359AF21}.Release|Any CPU.ActiveCfg = Release|Any CPU
		{49CE4004-C064-4BF4-B860-67CB7359AF21}.Release|Any CPU.Build.0 = Release|Any CPU
		{ADC904F9-FFAE-4B8C-BFA4-C8B6EC77ABB7}.Debug|Any CPU.ActiveCfg = Debug|Any CPU
		{ADC904F9-FFAE-4B8C-BFA4-C8B6EC77ABB7}.Debug|Any CPU.Build.0 = Debug|Any CPU
		{ADC904F9-FFAE-4B8C-BFA4-C8B6EC77ABB7}.Release|Any CPU.ActiveCfg = Release|Any CPU
		{ADC904F9-FFAE-4B8C-BFA4-C8B6EC77ABB7}.Release|Any CPU.Build.0 = Release|Any CPU
		{8D7BA0B2-44C0-4D07-92A8-BCE728DF4ED8}.Debug|Any CPU.ActiveCfg = Debug|Any CPU
		{8D7BA0B2-44C0-4D07-92A8-BCE728DF4ED8}.Debug|Any CPU.Build.0 = Debug|Any CPU
		{8D7BA0B2-44C0-4D07-92A8-BCE728DF4ED8}.Release|Any CPU.ActiveCfg = Release|Any CPU
		{8D7BA0B2-44C0-4D07-92A8-BCE728DF4ED8}.Release|Any CPU.Build.0 = Release|Any CPU
		{414F0FD4-6E09-4FE8-809A-33D8CAF6F562}.Debug|Any CPU.ActiveCfg = Debug|Any CPU
		{414F0FD4-6E09-4FE8-809A-33D8CAF6F562}.Debug|Any CPU.Build.0 = Debug|Any CPU
		{414F0FD4-6E09-4FE8-809A-33D8CAF6F562}.Release|Any CPU.ActiveCfg = Release|Any CPU
		{414F0FD4-6E09-4FE8-809A-33D8CAF6F562}.Release|Any CPU.Build.0 = Release|Any CPU
		{DF56D9ED-68EA-42C2-B7E9-8CCF138EB0E9}.Debug|Any CPU.ActiveCfg = Debug|Any CPU
		{DF56D9ED-68EA-42C2-B7E9-8CCF138EB0E9}.Debug|Any CPU.Build.0 = Debug|Any CPU
		{DF56D9ED-68EA-42C2-B7E9-8CCF138EB0E9}.Release|Any CPU.ActiveCfg = Release|Any CPU
		{DF56D9ED-68EA-42C2-B7E9-8CCF138EB0E9}.Release|Any CPU.Build.0 = Release|Any CPU
		{CCD25925-7CF4-49DC-ABE1-A6830D1B2BC4}.Debug|Any CPU.ActiveCfg = Debug|Any CPU
		{CCD25925-7CF4-49DC-ABE1-A6830D1B2BC4}.Debug|Any CPU.Build.0 = Debug|Any CPU
		{CCD25925-7CF4-49DC-ABE1-A6830D1B2BC4}.Release|Any CPU.ActiveCfg = Release|Any CPU
		{CCD25925-7CF4-49DC-ABE1-A6830D1B2BC4}.Release|Any CPU.Build.0 = Release|Any CPU
		{5032170D-7645-4BA1-AE02-43FC8C78A632}.Debug|Any CPU.ActiveCfg = Debug|Any CPU
		{5032170D-7645-4BA1-AE02-43FC8C78A632}.Debug|Any CPU.Build.0 = Debug|Any CPU
		{5032170D-7645-4BA1-AE02-43FC8C78A632}.Release|Any CPU.ActiveCfg = Release|Any CPU
		{5032170D-7645-4BA1-AE02-43FC8C78A632}.Release|Any CPU.Build.0 = Release|Any CPU
		{C8D718BB-B1F3-4331-9F2C-52801003FF6D}.Debug|Any CPU.ActiveCfg = Debug|Any CPU
		{C8D718BB-B1F3-4331-9F2C-52801003FF6D}.Debug|Any CPU.Build.0 = Debug|Any CPU
		{C8D718BB-B1F3-4331-9F2C-52801003FF6D}.Release|Any CPU.ActiveCfg = Release|Any CPU
		{C8D718BB-B1F3-4331-9F2C-52801003FF6D}.Release|Any CPU.Build.0 = Release|Any CPU
		{33F040A3-A22C-425B-8DE4-272E5775D12D}.Debug|Any CPU.ActiveCfg = Debug|Any CPU
		{33F040A3-A22C-425B-8DE4-272E5775D12D}.Debug|Any CPU.Build.0 = Debug|Any CPU
		{33F040A3-A22C-425B-8DE4-272E5775D12D}.Release|Any CPU.ActiveCfg = Release|Any CPU
		{33F040A3-A22C-425B-8DE4-272E5775D12D}.Release|Any CPU.Build.0 = Release|Any CPU
		{979E3915-97E5-4A6B-B660-3A650B9C1AEE}.Debug|Any CPU.ActiveCfg = Debug|Any CPU
		{979E3915-97E5-4A6B-B660-3A650B9C1AEE}.Debug|Any CPU.Build.0 = Debug|Any CPU
		{979E3915-97E5-4A6B-B660-3A650B9C1AEE}.Release|Any CPU.ActiveCfg = Release|Any CPU
		{979E3915-97E5-4A6B-B660-3A650B9C1AEE}.Release|Any CPU.Build.0 = Release|Any CPU
		{2EFEA8FA-DAA7-48FA-93C5-79F72BC3CD36}.Debug|Any CPU.ActiveCfg = Debug|Any CPU
		{2EFEA8FA-DAA7-48FA-93C5-79F72BC3CD36}.Debug|Any CPU.Build.0 = Debug|Any CPU
		{2EFEA8FA-DAA7-48FA-93C5-79F72BC3CD36}.Release|Any CPU.ActiveCfg = Release|Any CPU
		{2EFEA8FA-DAA7-48FA-93C5-79F72BC3CD36}.Release|Any CPU.Build.0 = Release|Any CPU
	EndGlobalSection
	GlobalSection(SolutionProperties) = preSolution
		HideSolutionNode = FALSE
	EndGlobalSection
	GlobalSection(NestedProjects) = preSolution
		{49CE4004-C064-4BF4-B860-67CB7359AF21} = {B4B10C93-DAD6-45B3-BC77-E9F990DB9F0F}
		{ADC904F9-FFAE-4B8C-BFA4-C8B6EC77ABB7} = {A6E80D86-3A65-4664-B8E2-975D6C8221C2}
		{8D7BA0B2-44C0-4D07-92A8-BCE728DF4ED8} = {526DE7E8-C6B1-47CB-A2E7-F6BD5F740B9A}
		{414F0FD4-6E09-4FE8-809A-33D8CAF6F562} = {526DE7E8-C6B1-47CB-A2E7-F6BD5F740B9A}
		{DF56D9ED-68EA-42C2-B7E9-8CCF138EB0E9} = {526DE7E8-C6B1-47CB-A2E7-F6BD5F740B9A}
		{CCD25925-7CF4-49DC-ABE1-A6830D1B2BC4} = {49E72E46-33B4-4FFC-9B48-C18F056A721F}
		{5032170D-7645-4BA1-AE02-43FC8C78A632} = {49E72E46-33B4-4FFC-9B48-C18F056A721F}
		{C8D718BB-B1F3-4331-9F2C-52801003FF6D} = {24DD8723-14A2-4010-AA9A-3E20F597D30B}
		{33F040A3-A22C-425B-8DE4-272E5775D12D} = {24DD8723-14A2-4010-AA9A-3E20F597D30B}
		{979E3915-97E5-4A6B-B660-3A650B9C1AEE} = {24DD8723-14A2-4010-AA9A-3E20F597D30B}
		{2EFEA8FA-DAA7-48FA-93C5-79F72BC3CD36} = {A6E80D86-3A65-4664-B8E2-975D6C8221C2}
	EndGlobalSection
	GlobalSection(ExtensibilityGlobals) = postSolution
		SolutionGuid = {275AC525-0058-44C3-BE15-BA15AA9C18B0}
	EndGlobalSection
EndGlobal
